
Microsoft Visual Studio Solution File, Format Version 12.00
# Visual Studio 15
Project("{FAE04EC0-301F-11D3-BF4B-00C04F79EFBC}") = "MVCDemoApp", "MVCDemoApp\MVCDemoApp.csproj", "{2C656B91-B12D-4BA5-A1FC-8035E7966F20}"
EndProject
Global
	GlobalSection(SolutionConfigurationPlatforms) = preSolution
		Debug|Any CPU = Debug|Any CPU
		Release|Any CPU = Release|Any CPU
	EndGlobalSection
	GlobalSection(ProjectConfigurationPlatforms) = postSolution
		{2C656B91-B12D-4BA5-A1FC-8035E7966F20}.Debug|Any CPU.ActiveCfg = Debug|Any CPU
		{2C656B91-B12D-4BA5-A1FC-8035E7966F20}.Debug|Any CPU.Build.0 = Debug|Any CPU
		{2C656B91-B12D-4BA5-A1FC-8035E7966F20}.Release|Any CPU.ActiveCfg = Release|Any CPU
		{2C656B91-B12D-4BA5-A1FC-8035E7966F20}.Release|Any CPU.Build.0 = Release|Any CPU
	EndGlobalSection
EndGlobal
